// !$*UTF8*$!
{
	archiveVersion = 1;
	classes = {
	};
	objectVersion = 50;
	objects = {

/* Begin PBXBuildFile section */
		33139AAC20C6256200D10195 /* AppDelegate.m in Sources */ = {isa = PBXBuildFile; fileRef = 33139AAB20C6256200D10195 /* AppDelegate.m */; };
		33139AB220C6256200D10195 /* Main.storyboard in Resources */ = {isa = PBXBuildFile; fileRef = 33139AB020C6256200D10195 /* Main.storyboard */; };
		33139AB420C6256400D10195 /* Assets.xcassets in Resources */ = {isa = PBXBuildFile; fileRef = 33139AB320C6256400D10195 /* Assets.xcassets */; };
		33139AB720C6256400D10195 /* LaunchScreen.storyboard in Resources */ = {isa = PBXBuildFile; fileRef = 33139AB520C6256400D10195 /* LaunchScreen.storyboard */; };
		33139ABA20C6256400D10195 /* main.m in Sources */ = {isa = PBXBuildFile; fileRef = 33139AB920C6256400D10195 /* main.m */; };
		33C1F56F20C9260200E05E86 /* UIView+Category.m in Sources */ = {isa = PBXBuildFile; fileRef = 33C1F56D20C9260200E05E86 /* UIView+Category.m */; };
		33C1F57720CA6CF400E05E86 /* UITextView+Placeholder.m in Sources */ = {isa = PBXBuildFile; fileRef = 33C1F57120CA6CF400E05E86 /* UITextView+Placeholder.m */; };
		33C1F57820CA6CF400E05E86 /* YHExpandStoreEditViewController.m in Sources */ = {isa = PBXBuildFile; fileRef = 33C1F57320CA6CF400E05E86 /* YHExpandStoreEditViewController.m */; };
		33C1F57920CA6CF400E05E86 /* YHExpandStoreEditCell.m in Sources */ = {isa = PBXBuildFile; fileRef = 33C1F57620CA6CF400E05E86 /* YHExpandStoreEditCell.m */; };
		33C1F59720CA6DA100E05E86 /* LICENSE in Resources */ = {isa = PBXBuildFile; fileRef = 33C1F57B20CA6DA000E05E86 /* LICENSE */; };
		33C1F59820CA6DA100E05E86 /* NSLayoutConstraint+MASDebugAdditions.m in Sources */ = {isa = PBXBuildFile; fileRef = 33C1F57E20CA6DA000E05E86 /* NSLayoutConstraint+MASDebugAdditions.m */; };
		33C1F59920CA6DA100E05E86 /* ViewController+MASAdditions.m in Sources */ = {isa = PBXBuildFile; fileRef = 33C1F58720CA6DA000E05E86 /* ViewController+MASAdditions.m */; };
		33C1F59A20CA6DA100E05E86 /* MASCompositeConstraint.m in Sources */ = {isa = PBXBuildFile; fileRef = 33C1F58B20CA6DA000E05E86 /* MASCompositeConstraint.m */; };
		33C1F59B20CA6DA100E05E86 /* MASConstraintMaker.m in Sources */ = {isa = PBXBuildFile; fileRef = 33C1F58C20CA6DA000E05E86 /* MASConstraintMaker.m */; };
		33C1F59C20CA6DA100E05E86 /* MASLayoutConstraint.m in Sources */ = {isa = PBXBuildFile; fileRef = 33C1F58D20CA6DA000E05E86 /* MASLayoutConstraint.m */; };
		33C1F59D20CA6DA100E05E86 /* NSArray+MASAdditions.m in Sources */ = {isa = PBXBuildFile; fileRef = 33C1F58E20CA6DA000E05E86 /* NSArray+MASAdditions.m */; };
		33C1F59E20CA6DA100E05E86 /* View+MASAdditions.m in Sources */ = {isa = PBXBuildFile; fileRef = 33C1F58F20CA6DA000E05E86 /* View+MASAdditions.m */; };
		33C1F59F20CA6DA100E05E86 /* MASConstraint.m in Sources */ = {isa = PBXBuildFile; fileRef = 33C1F59220CA6DA000E05E86 /* MASConstraint.m */; };
		33C1F5A020CA6DA100E05E86 /* MASViewConstraint.m in Sources */ = {isa = PBXBuildFile; fileRef = 33C1F59420CA6DA000E05E86 /* MASViewConstraint.m */; };
		33C1F5A120CA6DA100E05E86 /* MASViewAttribute.m in Sources */ = {isa = PBXBuildFile; fileRef = 33C1F59520CA6DA000E05E86 /* MASViewAttribute.m */; };
		33C1F5A220CA6DA100E05E86 /* README.md in Resources */ = {isa = PBXBuildFile; fileRef = 33C1F59620CA6DA000E05E86 /* README.md */; };
/* End PBXBuildFile section */

/* Begin PBXFileReference section */
		33139AA720C6256200D10195 /* TextViewCellDemo.app */ = {isa = PBXFileReference; explicitFileType = wrapper.application; includeInIndex = 0; path = TextViewCellDemo.app; sourceTree = BUILT_PRODUCTS_DIR; };
		33139AAA20C6256200D10195 /* AppDelegate.h */ = {isa = PBXFileReference; lastKnownFileType = sourcecode.c.h; path = AppDelegate.h; sourceTree = "<group>"; };
		33139AAB20C6256200D10195 /* AppDelegate.m */ = {isa = PBXFileReference; lastKnownFileType = sourcecode.c.objc; path = AppDelegate.m; sourceTree = "<group>"; };
		33139AB120C6256200D10195 /* Base */ = {isa = PBXFileReference; lastKnownFileType = file.storyboard; name = Base; path = Base.lproj/Main.storyboard; sourceTree = "<group>"; };
		33139AB320C6256400D10195 /* Assets.xcassets */ = {isa = PBXFileReference; lastKnownFileType = folder.assetcatalog; path = Assets.xcassets; sourceTree = "<group>"; };
		33139AB620C6256400D10195 /* Base */ = {isa = PBXFileReference; lastKnownFileType = file.storyboard; name = Base; path = Base.lproj/LaunchScreen.storyboard; sourceTree = "<group>"; };
		33139AB820C6256400D10195 /* Info.plist */ = {isa = PBXFileReference; lastKnownFileType = text.plist.xml; path = Info.plist; sourceTree = "<group>"; };
		33139AB920C6256400D10195 /* main.m */ = {isa = PBXFileReference; lastKnownFileType = sourcecode.c.objc; path = main.m; sourceTree = "<group>"; };
		33C1F56C20C9260200E05E86 /* UIView+Category.h */ = {isa = PBXFileReference; fileEncoding = 4; lastKnownFileType = sourcecode.c.h; path = "UIView+Category.h"; sourceTree = "<group>"; };
		33C1F56D20C9260200E05E86 /* UIView+Category.m */ = {isa = PBXFileReference; fileEncoding = 4; lastKnownFileType = sourcecode.c.objc; path = "UIView+Category.m"; sourceTree = "<group>"; };
		33C1F57120CA6CF400E05E86 /* UITextView+Placeholder.m */ = {isa = PBXFileReference; fileEncoding = 4; lastKnownFileType = sourcecode.c.objc; path = "UITextView+Placeholder.m"; sourceTree = "<group>"; };
		33C1F57220CA6CF400E05E86 /* YHExpandStoreEditCell.h */ = {isa = PBXFileReference; fileEncoding = 4; lastKnownFileType = sourcecode.c.h; path = YHExpandStoreEditCell.h; sourceTree = "<group>"; };
		33C1F57320CA6CF400E05E86 /* YHExpandStoreEditViewController.m */ = {isa = PBXFileReference; fileEncoding = 4; lastKnownFileType = sourcecode.c.objc; path = YHExpandStoreEditViewController.m; sourceTree = "<group>"; };
		33C1F57420CA6CF400E05E86 /* UITextView+Placeholder.h */ = {isa = PBXFileReference; fileEncoding = 4; lastKnownFileType = sourcecode.c.h; path = "UITextView+Placeholder.h"; sourceTree = "<group>"; };
		33C1F57520CA6CF400E05E86 /* YHExpandStoreEditViewController.h */ = {isa = PBXFileReference; fileEncoding = 4; lastKnownFileType = sourcecode.c.h; path = YHExpandStoreEditViewController.h; sourceTree = "<group>"; };
		33C1F57620CA6CF400E05E86 /* YHExpandStoreEditCell.m */ = {isa = PBXFileReference; fileEncoding = 4; lastKnownFileType = sourcecode.c.objc; path = YHExpandStoreEditCell.m; sourceTree = "<group>"; };
		33C1F57B20CA6DA000E05E86 /* LICENSE */ = {isa = PBXFileReference; fileEncoding = 4; lastKnownFileType = text; path = LICENSE; sourceTree = "<group>"; };
		33C1F57D20CA6DA000E05E86 /* MASCompositeConstraint.h */ = {isa = PBXFileReference; fileEncoding = 4; lastKnownFileType = sourcecode.c.h; path = MASCompositeConstraint.h; sourceTree = "<group>"; };
		33C1F57E20CA6DA000E05E86 /* NSLayoutConstraint+MASDebugAdditions.m */ = {isa = PBXFileReference; fileEncoding = 4; lastKnownFileType = sourcecode.c.objc; path = "NSLayoutConstraint+MASDebugAdditions.m"; sourceTree = "<group>"; };
		33C1F57F20CA6DA000E05E86 /* MASConstraint+Private.h */ = {isa = PBXFileReference; fileEncoding = 4; lastKnownFileType = sourcecode.c.h; path = "MASConstraint+Private.h"; sourceTree = "<group>"; };
		33C1F58020CA6DA000E05E86 /* MASLayoutConstraint.h */ = {isa = PBXFileReference; fileEncoding = 4; lastKnownFileType = sourcecode.c.h; path = MASLayoutConstraint.h; sourceTree = "<group>"; };
		33C1F58120CA6DA000E05E86 /* NSArray+MASShorthandAdditions.h */ = {isa = PBXFileReference; fileEncoding = 4; lastKnownFileType = sourcecode.c.h; path = "NSArray+MASShorthandAdditions.h"; sourceTree = "<group>"; };
		33C1F58220CA6DA000E05E86 /* MASConstraintMaker.h */ = {isa = PBXFileReference; fileEncoding = 4; lastKnownFileType = sourcecode.c.h; path = MASConstraintMaker.h; sourceTree = "<group>"; };
		33C1F58320CA6DA000E05E86 /* View+MASAdditions.h */ = {isa = PBXFileReference; fileEncoding = 4; lastKnownFileType = sourcecode.c.h; path = "View+MASAdditions.h"; sourceTree = "<group>"; };
		33C1F58420CA6DA000E05E86 /* NSArray+MASAdditions.h */ = {isa = PBXFileReference; fileEncoding = 4; lastKnownFileType = sourcecode.c.h; path = "NSArray+MASAdditions.h"; sourceTree = "<group>"; };
		33C1F58520CA6DA000E05E86 /* MASUtilities.h */ = {isa = PBXFileReference; fileEncoding = 4; lastKnownFileType = sourcecode.c.h; path = MASUtilities.h; sourceTree = "<group>"; };
		33C1F58620CA6DA000E05E86 /* MASViewAttribute.h */ = {isa = PBXFileReference; fileEncoding = 4; lastKnownFileType = sourcecode.c.h; path = MASViewAttribute.h; sourceTree = "<group>"; };
		33C1F58720CA6DA000E05E86 /* ViewController+MASAdditions.m */ = {isa = PBXFileReference; fileEncoding = 4; lastKnownFileType = sourcecode.c.objc; path = "ViewController+MASAdditions.m"; sourceTree = "<group>"; };
		33C1F58820CA6DA000E05E86 /* MASViewConstraint.h */ = {isa = PBXFileReference; fileEncoding = 4; lastKnownFileType = sourcecode.c.h; path = MASViewConstraint.h; sourceTree = "<group>"; };
		33C1F58920CA6DA000E05E86 /* MASConstraint.h */ = {isa = PBXFileReference; fileEncoding = 4; lastKnownFileType = sourcecode.c.h; path = MASConstraint.h; sourceTree = "<group>"; };
		33C1F58A20CA6DA000E05E86 /* NSLayoutConstraint+MASDebugAdditions.h */ = {isa = PBXFileReference; fileEncoding = 4; lastKnownFileType = sourcecode.c.h; path = "NSLayoutConstraint+MASDebugAdditions.h"; sourceTree = "<group>"; };
		33C1F58B20CA6DA000E05E86 /* MASCompositeConstraint.m */ = {isa = PBXFileReference; fileEncoding = 4; lastKnownFileType = sourcecode.c.objc; path = MASCompositeConstraint.m; sourceTree = "<group>"; };
		33C1F58C20CA6DA000E05E86 /* MASConstraintMaker.m */ = {isa = PBXFileReference; fileEncoding = 4; lastKnownFileType = sourcecode.c.objc; path = MASConstraintMaker.m; sourceTree = "<group>"; };
		33C1F58D20CA6DA000E05E86 /* MASLayoutConstraint.m */ = {isa = PBXFileReference; fileEncoding = 4; lastKnownFileType = sourcecode.c.objc; path = MASLayoutConstraint.m; sourceTree = "<group>"; };
		33C1F58E20CA6DA000E05E86 /* NSArray+MASAdditions.m */ = {isa = PBXFileReference; fileEncoding = 4; lastKnownFileType = sourcecode.c.objc; path = "NSArray+MASAdditions.m"; sourceTree = "<group>"; };
		33C1F58F20CA6DA000E05E86 /* View+MASAdditions.m */ = {isa = PBXFileReference; fileEncoding = 4; lastKnownFileType = sourcecode.c.objc; path = "View+MASAdditions.m"; sourceTree = "<group>"; };
		33C1F59020CA6DA000E05E86 /* View+MASShorthandAdditions.h */ = {isa = PBXFileReference; fileEncoding = 4; lastKnownFileType = sourcecode.c.h; path = "View+MASShorthandAdditions.h"; sourceTree = "<group>"; };
		33C1F59120CA6DA000E05E86 /* Masonry.h */ = {isa = PBXFileReference; fileEncoding = 4; lastKnownFileType = sourcecode.c.h; path = Masonry.h; sourceTree = "<group>"; };
		33C1F59220CA6DA000E05E86 /* MASConstraint.m */ = {isa = PBXFileReference; fileEncoding = 4; lastKnownFileType = sourcecode.c.objc; path = MASConstraint.m; sourceTree = "<group>"; };
		33C1F59320CA6DA000E05E86 /* ViewController+MASAdditions.h */ = {isa = PBXFileReference; fileEncoding = 4; lastKnownFileType = sourcecode.c.h; path = "ViewController+MASAdditions.h"; sourceTree = "<group>"; };
		33C1F59420CA6DA000E05E86 /* MASViewConstraint.m */ = {isa = PBXFileReference; fileEncoding = 4; lastKnownFileType = sourcecode.c.objc; path = MASViewConstraint.m; sourceTree = "<group>"; };
		33C1F59520CA6DA000E05E86 /* MASViewAttribute.m */ = {isa = PBXFileReference; fileEncoding = 4; lastKnownFileType = sourcecode.c.objc; path = MASViewAttribute.m; sourceTree = "<group>"; };
		33C1F59620CA6DA000E05E86 /* README.md */ = {isa = PBXFileReference; fileEncoding = 4; lastKnownFileType = net.daringfireball.markdown; path = README.md; sourceTree = "<group>"; };
/* End PBXFileReference section */

/* Begin PBXFrameworksBuildPhase section */
		33139AA420C6256200D10195 /* Frameworks */ = {
			isa = PBXFrameworksBuildPhase;
			buildActionMask = 2147483647;
			files = (
			);
			runOnlyForDeploymentPostprocessing = 0;
		};
/* End PBXFrameworksBuildPhase section */

/* Begin PBXGroup section */
		33139A9E20C6256200D10195 = {
			isa = PBXGroup;
			children = (
				33139AA920C6256200D10195 /* TextViewCellDemo */,
				33139AA820C6256200D10195 /* Products */,
			);
			sourceTree = "<group>";
		};
		33139AA820C6256200D10195 /* Products */ = {
			isa = PBXGroup;
			children = (
				33139AA720C6256200D10195 /* TextViewCellDemo.app */,
			);
			name = Products;
			sourceTree = "<group>";
		};
		33139AA920C6256200D10195 /* TextViewCellDemo */ = {
			isa = PBXGroup;
			children = (
				33C1F57020CA6CF400E05E86 /* ExpandStoreEdit */,
				33139AAA20C6256200D10195 /* AppDelegate.h */,
				33139AAB20C6256200D10195 /* AppDelegate.m */,
				33139AB020C6256200D10195 /* Main.storyboard */,
				33C1F56C20C9260200E05E86 /* UIView+Category.h */,
				33C1F56D20C9260200E05E86 /* UIView+Category.m */,
				33139AB320C6256400D10195 /* Assets.xcassets */,
				33139AB520C6256400D10195 /* LaunchScreen.storyboard */,
				33139AB820C6256400D10195 /* Info.plist */,
				33139AB920C6256400D10195 /* main.m */,
				33C1F57A20CA6DA000E05E86 /* Masonry */,
			);
			path = TextViewCellDemo;
			sourceTree = "<group>";
		};
		33C1F57020CA6CF400E05E86 /* ExpandStoreEdit */ = {
			isa = PBXGroup;
			children = (
				33C1F57420CA6CF400E05E86 /* UITextView+Placeholder.h */,
				33C1F57120CA6CF400E05E86 /* UITextView+Placeholder.m */,
				33C1F57520CA6CF400E05E86 /* YHExpandStoreEditViewController.h */,
				33C1F57320CA6CF400E05E86 /* YHExpandStoreEditViewController.m */,
				33C1F57220CA6CF400E05E86 /* YHExpandStoreEditCell.h */,
				33C1F57620CA6CF400E05E86 /* YHExpandStoreEditCell.m */,
			);
			path = ExpandStoreEdit;
			sourceTree = "<group>";
		};
		33C1F57A20CA6DA000E05E86 /* Masonry */ = {
			isa = PBXGroup;
			children = (
				33C1F57B20CA6DA000E05E86 /* LICENSE */,
				33C1F57C20CA6DA000E05E86 /* Masonry */,
				33C1F59620CA6DA000E05E86 /* README.md */,
			);
			path = Masonry;
			sourceTree = "<group>";
		};
		33C1F57C20CA6DA000E05E86 /* Masonry */ = {
			isa = PBXGroup;
			children = (
				33C1F57D20CA6DA000E05E86 /* MASCompositeConstraint.h */,
				33C1F57E20CA6DA000E05E86 /* NSLayoutConstraint+MASDebugAdditions.m */,
				33C1F57F20CA6DA000E05E86 /* MASConstraint+Private.h */,
				33C1F58020CA6DA000E05E86 /* MASLayoutConstraint.h */,
				33C1F58120CA6DA000E05E86 /* NSArray+MASShorthandAdditions.h */,
				33C1F58220CA6DA000E05E86 /* MASConstraintMaker.h */,
				33C1F58320CA6DA000E05E86 /* View+MASAdditions.h */,
				33C1F58420CA6DA000E05E86 /* NSArray+MASAdditions.h */,
				33C1F58520CA6DA000E05E86 /* MASUtilities.h */,
				33C1F58620CA6DA000E05E86 /* MASViewAttribute.h */,
				33C1F58720CA6DA000E05E86 /* ViewController+MASAdditions.m */,
				33C1F58820CA6DA000E05E86 /* MASViewConstraint.h */,
				33C1F58920CA6DA000E05E86 /* MASConstraint.h */,
				33C1F58A20CA6DA000E05E86 /* NSLayoutConstraint+MASDebugAdditions.h */,
				33C1F58B20CA6DA000E05E86 /* MASCompositeConstraint.m */,
				33C1F58C20CA6DA000E05E86 /* MASConstraintMaker.m */,
				33C1F58D20CA6DA000E05E86 /* MASLayoutConstraint.m */,
				33C1F58E20CA6DA000E05E86 /* NSArray+MASAdditions.m */,
				33C1F58F20CA6DA000E05E86 /* View+MASAdditions.m */,
				33C1F59020CA6DA000E05E86 /* View+MASShorthandAdditions.h */,
				33C1F59120CA6DA000E05E86 /* Masonry.h */,
				33C1F59220CA6DA000E05E86 /* MASConstraint.m */,
				33C1F59320CA6DA000E05E86 /* ViewController+MASAdditions.h */,
				33C1F59420CA6DA000E05E86 /* MASViewConstraint.m */,
				33C1F59520CA6DA000E05E86 /* MASViewAttribute.m */,
			);
			path = Masonry;
			sourceTree = "<group>";
		};
/* End PBXGroup section */

/* Begin PBXNativeTarget section */
		33139AA620C6256200D10195 /* TextViewCellDemo */ = {
			isa = PBXNativeTarget;
			buildConfigurationList = 33139ABD20C6256400D10195 /* Build configuration list for PBXNativeTarget "TextViewCellDemo" */;
			buildPhases = (
				33139AA320C6256200D10195 /* Sources */,
				33139AA420C6256200D10195 /* Frameworks */,
				33139AA520C6256200D10195 /* Resources */,
			);
			buildRules = (
			);
			dependencies = (
			);
			name = TextViewCellDemo;
			productName = TextViewCellDemo;
			productReference = 33139AA720C6256200D10195 /* TextViewCellDemo.app */;
			productType = "com.apple.product-type.application";
		};
/* End PBXNativeTarget section */

/* Begin PBXProject section */
		33139A9F20C6256200D10195 /* Project object */ = {
			isa = PBXProject;
			attributes = {
				LastUpgradeCheck = 0930;
				ORGANIZATIONNAME = "Hui Yin";
				TargetAttributes = {
					33139AA620C6256200D10195 = {
						CreatedOnToolsVersion = 9.3;
					};
				};
			};
			buildConfigurationList = 33139AA220C6256200D10195 /* Build configuration list for PBXProject "TextViewCellDemo" */;
			compatibilityVersion = "Xcode 9.3";
			developmentRegion = en;
			hasScannedForEncodings = 0;
			knownRegions = (
				en,
				Base,
			);
			mainGroup = 33139A9E20C6256200D10195;
			productRefGroup = 33139AA820C6256200D10195 /* Products */;
			projectDirPath = "";
			projectRoot = "";
			targets = (
				33139AA620C6256200D10195 /* TextViewCellDemo */,
			);
		};
/* End PBXProject section */

/* Begin PBXResourcesBuildPhase section */
		33139AA520C6256200D10195 /* Resources */ = {
			isa = PBXResourcesBuildPhase;
			buildActionMask = 2147483647;
			files = (
				33C1F5A220CA6DA100E05E86 /* README.md in Resources */,
				33139AB720C6256400D10195 /* LaunchScreen.storyboard in Resources */,
				33139AB420C6256400D10195 /* Assets.xcassets in Resources */,
				33139AB220C6256200D10195 /* Main.storyboard in Resources */,
				33C1F59720CA6DA100E05E86 /* LICENSE in Resources */,
			);
			runOnlyForDeploymentPostprocessing = 0;
		};
/* End PBXResourcesBuildPhase section */

/* Begin PBXSourcesBuildPhase section */
		33139AA320C6256200D10195 /* Sources */ = {
			isa = PBXSourcesBuildPhase;
			buildActionMask = 2147483647;
			files = (
				33C1F57720CA6CF400E05E86 /* UITextView+Placeholder.m in Sources */,
				33C1F59D20CA6DA100E05E86 /* NSArray+MASAdditions.m in Sources */,
				33C1F59E20CA6DA100E05E86 /* View+MASAdditions.m in Sources */,
				33C1F59820CA6DA100E05E86 /* NSLayoutConstraint+MASDebugAdditions.m in Sources */,
				33C1F59A20CA6DA100E05E86 /* MASCompositeConstraint.m in Sources */,
				33139ABA20C6256400D10195 /* main.m in Sources */,
				33C1F59920CA6DA100E05E86 /* ViewController+MASAdditions.m in Sources */,
				33C1F5A120CA6DA100E05E86 /* MASViewAttribute.m in Sources */,
				33C1F5A020CA6DA100E05E86 /* MASViewConstraint.m in Sources */,
				33C1F59B20CA6DA100E05E86 /* MASConstraintMaker.m in Sources */,
				33C1F57820CA6CF400E05E86 /* YHExpandStoreEditViewController.m in Sources */,
				33C1F59C20CA6DA100E05E86 /* MASLayoutConstraint.m in Sources */,
				33C1F57920CA6CF400E05E86 /* YHExpandStoreEditCell.m in Sources */,
				33C1F56F20C9260200E05E86 /* UIView+Category.m in Sources */,
				33C1F59F20CA6DA100E05E86 /* MASConstraint.m in Sources */,
				33139AAC20C6256200D10195 /* AppDelegate.m in Sources */,
			);
			runOnlyForDeploymentPostprocessing = 0;
		};
/* End PBXSourcesBuildPhase section */

/* Begin PBXVariantGroup section */
		33139AB020C6256200D10195 /* Main.storyboard */ = {
			isa = PBXVariantGroup;
			children = (
				33139AB120C6256200D10195 /* Base */,
			);
			name = Main.storyboard;
			sourceTree = "<group>";
		};
		33139AB520C6256400D10195 /* LaunchScreen.storyboard */ = {
			isa = PBXVariantGroup;
			children = (
				33139AB620C6256400D10195 /* Base */,
			);
			name = LaunchScreen.storyboard;
			sourceTree = "<group>";
		};
/* End PBXVariantGroup section */

/* Begin XCBuildConfiguration section */
		33139ABB20C6256400D10195 /* Debug */ = {
			isa = XCBuildConfiguration;
			buildSettings = {
				ALWAYS_SEARCH_USER_PATHS = NO;
				CLANG_ANALYZER_NONNULL = YES;
				CLANG_ANALYZER_NUMBER_OBJECT_CONVERSION = YES_AGGRESSIVE;
				CLANG_CXX_LANGUAGE_STANDARD = "gnu++14";
				CLANG_CXX_LIBRARY = "libc++";
				CLANG_ENABLE_MODULES = YES;
				CLANG_ENABLE_OBJC_ARC = YES;
				CLANG_ENABLE_OBJC_WEAK = YES;
				CLANG_WARN_BLOCK_CAPTURE_AUTORELEASING = YES;
				CLANG_WARN_BOOL_CONVERSION = YES;
				CLANG_WARN_COMMA = YES;
				CLANG_WARN_CONSTANT_CONVERSION = YES;
				CLANG_WARN_DEPRECATED_OBJC_IMPLEMENTATIONS = YES;
				CLANG_WARN_DIRECT_OBJC_ISA_USAGE = YES_ERROR;
				CLANG_WARN_DOCUMENTATION_COMMENTS = YES;
				CLANG_WARN_EMPTY_BODY = YES;
				CLANG_WARN_ENUM_CONVERSION = YES;
				CLANG_WARN_INFINITE_RECURSION = YES;
				CLANG_WARN_INT_CONVERSION = YES;
				CLANG_WARN_NON_LITERAL_NULL_CONVERSION = YES;
				CLANG_WARN_OBJC_IMPLICIT_RETAIN_SELF = YES;
				CLANG_WARN_OBJC_LITERAL_CONVERSION = YES;
				CLANG_WARN_OBJC_ROOT_CLASS = YES_ERROR;
				CLANG_WARN_RANGE_LOOP_ANALYSIS = YES;
				CLANG_WARN_STRICT_PROTOTYPES = YES;
				CLANG_WARN_SUSPICIOUS_MOVE = YES;
				CLANG_WARN_UNGUARDED_AVAILABILITY = YES_AGGRESSIVE;
				CLANG_WARN_UNREACHABLE_CODE = YES;
				CLANG_WARN__DUPLICATE_METHOD_MATCH = YES;
				CODE_SIGN_IDENTITY = "iPhone Developer";
				COPY_PHASE_STRIP = NO;
				DEBUG_INFORMATION_FORMAT = dwarf;
				ENABLE_STRICT_OBJC_MSGSEND = YES;
				ENABLE_TESTABILITY = YES;
				GCC_C_LANGUAGE_STANDARD = gnu11;
				GCC_DYNAMIC_NO_PIC = NO;
				GCC_NO_COMMON_BLOCKS = YES;
				GCC_OPTIMIZATION_LEVEL = 0;
				GCC_PREPROCESSOR_DEFINITIONS = (
					"DEBUG=1",
					"$(inherited)",
				);
				GCC_WARN_64_TO_32_BIT_CONVERSION = YES;
				GCC_WARN_ABOUT_RETURN_TYPE = YES_ERROR;
				GCC_WARN_UNDECLARED_SELECTOR = YES;
				GCC_WARN_UNINITIALIZED_AUTOS = YES_AGGRESSIVE;
				GCC_WARN_UNUSED_FUNCTION = YES;
				GCC_WARN_UNUSED_VARIABLE = YES;
				IPHONEOS_DEPLOYMENT_TARGET = 11.3;
				MTL_ENABLE_DEBUG_INFO = YES;
				ONLY_ACTIVE_ARCH = YES;
				SDKROOT = iphoneos;
			};
			name = Debug;
		};
		33139ABC20C6256400D10195 /* Release */ = {
			isa = XCBuildConfiguration;
			buildSettings = {
				ALWAYS_SEARCH_USER_PATHS = NO;
				CLANG_ANALYZER_NONNULL = YES;
				CLANG_ANALYZER_NUMBER_OBJECT_CONVERSION = YES_AGGRESSIVE;
				CLANG_CXX_LANGUAGE_STANDARD = "gnu++14";
				CLANG_CXX_LIBRARY = "libc++";
				CLANG_ENABLE_MODULES = YES;
				CLANG_ENABLE_OBJC_ARC = YES;
				CLANG_ENABLE_OBJC_WEAK = YES;
				CLANG_WARN_BLOCK_CAPTURE_AUTORELEASING = YES;
				CLANG_WARN_BOOL_CONVERSION = YES;
				CLANG_WARN_COMMA = YES;
				CLANG_WARN_CONSTANT_CONVERSION = YES;
				CLANG_WARN_DEPRECATED_OBJC_IMPLEMENTATIONS = YES;
				CLANG_WARN_DIRECT_OBJC_ISA_USAGE = YES_ERROR;
				CLANG_WARN_DOCUMENTATION_COMMENTS = YES;
				CLANG_WARN_EMPTY_BODY = YES;
				CLANG_WARN_ENUM_CONVERSION = YES;
				CLANG_WARN_INFINITE_RECURSION = YES;
				CLANG_WARN_INT_CONVERSION = YES;
				CLANG_WARN_NON_LITERAL_NULL_CONVERSION = YES;
				CLANG_WARN_OBJC_IMPLICIT_RETAIN_SELF = YES;
				CLANG_WARN_OBJC_LITERAL_CONVERSION = YES;
				CLANG_WARN_OBJC_ROOT_CLASS = YES_ERROR;
				CLANG_WARN_RANGE_LOOP_ANALYSIS = YES;
				CLANG_WARN_STRICT_PROTOTYPES = YES;
				CLANG_WARN_SUSPICIOUS_MOVE = YES;
				CLANG_WARN_UNGUARDED_AVAILABILITY = YES_AGGRESSIVE;
				CLANG_WARN_UNREACHABLE_CODE = YES;
				CLANG_WARN__DUPLICATE_METHOD_MATCH = YES;
				CODE_SIGN_IDENTITY = "iPhone Developer";
				COPY_PHASE_STRIP = NO;
				DEBUG_INFORMATION_FORMAT = "dwarf-with-dsym";
				ENABLE_NS_ASSERTIONS = NO;
				ENABLE_STRICT_OBJC_MSGSEND = YES;
				GCC_C_LANGUAGE_STANDARD = gnu11;
				GCC_NO_COMMON_BLOCKS = YES;
				GCC_WARN_64_TO_32_BIT_CONVERSION = YES;
				GCC_WARN_ABOUT_RETURN_TYPE = YES_ERROR;
				GCC_WARN_UNDECLARED_SELECTOR = YES;
				GCC_WARN_UNINITIALIZED_AUTOS = YES_AGGRESSIVE;
				GCC_WARN_UNUSED_FUNCTION = YES;
				GCC_WARN_UNUSED_VARIABLE = YES;
				IPHONEOS_DEPLOYMENT_TARGET = 11.3;
				MTL_ENABLE_DEBUG_INFO = NO;
				SDKROOT = iphoneos;
				VALIDATE_PRODUCT = YES;
			};
			name = Release;
		};
		33139ABE20C6256400D10195 /* Debug */ = {
			isa = XCBuildConfiguration;
			buildSettings = {
				ASSETCATALOG_COMPILER_APPICON_NAME = AppIcon;
				CODE_SIGN_STYLE = Automatic;
				DEVELOPMENT_TEAM = FN2LE624CZ;
				INFOPLIST_FILE = TextViewCellDemo/Info.plist;
				LD_RUNPATH_SEARCH_PATHS = (
					"$(inherited)",
					"@executable_path/Frameworks",
				);
				PRODUCT_BUNDLE_IDENTIFIER = com.yinhui.www.TextViewCellDemo;
				PRODUCT_NAME = "$(TARGET_NAME)";
				TARGETED_DEVICE_FAMILY = "1,2";
			};
			name = Debug;
		};
		33139ABF20C6256400D10195 /* Release */ = {
			isa = XCBuildConfiguration;
			buildSettings = {
				ASSETCATALOG_COMPILER_APPICON_NAME = AppIcon;
				CODE_SIGN_STYLE = Automatic;
				DEVELOPMENT_TEAM = FN2LE624CZ;
				INFOPLIST_FILE = TextViewCellDemo/Info.plist;
				LD_RUNPATH_SEARCH_PATHS = (
					"$(inherited)",
					"@executable_path/Frameworks",
				);
				PRODUCT_BUNDLE_IDENTIFIER = com.yinhui.www.TextViewCellDemo;
				PRODUCT_NAME = "$(TARGET_NAME)";
				TARGETED_DEVICE_FAMILY = "1,2";
			};
			name = Release;
		};
/* End XCBuildConfiguration section */

/* Begin XCConfigurationList section */
		33139AA220C6256200D10195 /* Build configuration list for PBXProject "TextViewCellDemo" */ = {
			isa = XCConfigurationList;
			buildConfigurations = (
				33139ABB20C6256400D10195 /* Debug */,
				33139ABC20C6256400D10195 /* Release */,
			);
			defaultConfigurationIsVisible = 0;
			defaultConfigurationName = Release;
		};
		33139ABD20C6256400D10195 /* Build configuration list for PBXNativeTarget "TextViewCellDemo" */ = {
			isa = XCConfigurationList;
			buildConfigurations = (
				33139ABE20C6256400D10195 /* Debug */,
				33139ABF20C6256400D10195 /* Release */,
			);
			defaultConfigurationIsVisible = 0;
			defaultConfigurationName = Release;
		};
/* End XCConfigurationList section */
	};
	rootObject = 33139A9F20C6256200D10195 /* Project object */;
}
